
Microsoft Visual Studio Solution File, Format Version 12.00
# Visual Studio Version 17
VisualStudioVersion = 17.0.31903.59
MinimumVisualStudioVersion = 10.0.40219.1
Project("{2150E333-8FDC-42A3-9474-1A3956D46DE8}") = "src", "src", "{827E0CD3-B72D-47B6-A68D-7590B98EB39B}"
EndProject
Project("{FAE04EC0-301F-11D3-BF4B-00C04F79EFBC}") = "CarAuctions.Domain", "src\CarAuctions.Domain\CarAuctions.Domain.csproj", "{5224BED7-3B0B-4F24-A1CD-C427AE13FC8A}"
EndProject
Project("{FAE04EC0-301F-11D3-BF4B-00C04F79EFBC}") = "CarAuctions.Application", "src\CarAuctions.Application\CarAuctions.Application.csproj", "{0453C5DC-8057-4E66-BDDF-AB4D1EA037FB}"
EndProject
Project("{FAE04EC0-301F-11D3-BF4B-00C04F79EFBC}") = "CarAuctions.Infrastructure", "src\CarAuctions.Infrastructure\CarAuctions.Infrastructure.csproj", "{0E328902-1DD8-42F5-8477-E87A07540FA0}"
EndProject
Project("{FAE04EC0-301F-11D3-BF4B-00C04F79EFBC}") = "CarAuctions.Persistence", "src\CarAuctions.Persistence\CarAuctions.Persistence.csproj", "{DE18A9F7-787F-4631-A7AD-1461D436FD2F}"
EndProject
Project("{FAE04EC0-301F-11D3-BF4B-00C04F79EFBC}") = "CarAuctions.Api", "src\CarAuctions.Api\CarAuctions.Api.csproj", "{8C41052F-67F0-489C-A7A8-BAA957A0D483}"
EndProject
Project("{FAE04EC0-301F-11D3-BF4B-00C04F79EFBC}") = "CarAuctions.Worker", "src\CarAuctions.Worker\CarAuctions.Worker.csproj", "{73EBB3D8-ABA6-4A2A-9454-39FA564615E5}"
EndProject
Project("{2150E333-8FDC-42A3-9474-1A3956D46DE8}") = "tests", "tests", "{0AB3BF05-4346-4AA6-1389-037BE0695223}"
EndProject
Project("{FAE04EC0-301F-11D3-BF4B-00C04F79EFBC}") = "CarAuctions.Domain.Tests", "tests\CarAuctions.Domain.Tests\CarAuctions.Domain.Tests.csproj", "{EBFABC00-F0BA-4FDB-B856-3761A8E1E1B2}"
EndProject
Project("{FAE04EC0-301F-11D3-BF4B-00C04F79EFBC}") = "CarAuctions.Application.Tests", "tests\CarAuctions.Application.Tests\CarAuctions.Application.Tests.csproj", "{E9C5F46A-34B1-4366-BDF9-ED16CCD1BB5A}"
EndProject
Project("{FAE04EC0-301F-11D3-BF4B-00C04F79EFBC}") = "CarAuctions.Integration.Tests", "tests\CarAuctions.Integration.Tests\CarAuctions.Integration.Tests.csproj", "{EB4B9041-B3C9-442F-9854-8D380DE82555}"
EndProject
Project("{FAE04EC0-301F-11D3-BF4B-00C04F79EFBC}") = "CarAuctions.Architecture.Tests", "tests\CarAuctions.Architecture.Tests\CarAuctions.Architecture.Tests.csproj", "{95890EA3-DDC1-4A43-AFE7-156199883F56}"
EndProject
Global
	GlobalSection(SolutionConfigurationPlatforms) = preSolution
		Debug|Any CPU = Debug|Any CPU
		Debug|x64 = Debug|x64
		Debug|x86 = Debug|x86
		Release|Any CPU = Release|Any CPU
		Release|x64 = Release|x64
		Release|x86 = Release|x86
	EndGlobalSection
	GlobalSection(ProjectConfigurationPlatforms) = postSolution
		{5224BED7-3B0B-4F24-A1CD-C427AE13FC8A}.Debug|Any CPU.ActiveCfg = Debug|Any CPU
		{5224BED7-3B0B-4F24-A1CD-C427AE13FC8A}.Debug|Any CPU.Build.0 = Debug|Any CPU
		{5224BED7-3B0B-4F24-A1CD-C427AE13FC8A}.Debug|x64.ActiveCfg = Debug|Any CPU
		{5224BED7-3B0B-4F24-A1CD-C427AE13FC8A}.Debug|x64.Build.0 = Debug|Any CPU
		{5224BED7-3B0B-4F24-A1CD-C427AE13FC8A}.Debug|x86.ActiveCfg = Debug|Any CPU
		{5224BED7-3B0B-4F24-A1CD-C427AE13FC8A}.Debug|x86.Build.0 = Debug|Any CPU
		{5224BED7-3B0B-4F24-A1CD-C427AE13FC8A}.Release|Any CPU.ActiveCfg = Release|Any CPU
		{5224BED7-3B0B-4F24-A1CD-C427AE13FC8A}.Release|Any CPU.Build.0 = Release|Any CPU
		{5224BED7-3B0B-4F24-A1CD-C427AE13FC8A}.Release|x64.ActiveCfg = Release|Any CPU
		{5224BED7-3B0B-4F24-A1CD-C427AE13FC8A}.Release|x64.Build.0 = Release|Any CPU
		{5224BED7-3B0B-4F24-A1CD-C427AE13FC8A}.Release|x86.ActiveCfg = Release|Any CPU
		{5224BED7-3B0B-4F24-A1CD-C427AE13FC8A}.Release|x86.Build.0 = Release|Any CPU
		{0453C5DC-8057-4E66-BDDF-AB4D1EA037FB}.Debug|Any CPU.ActiveCfg = Debug|Any CPU
		{0453C5DC-8057-4E66-BDDF-AB4D1EA037FB}.Debug|Any CPU.Build.0 = Debug|Any CPU
		{0453C5DC-8057-4E66-BDDF-AB4D1EA037FB}.Debug|x64.ActiveCfg = Debug|Any CPU
		{0453C5DC-8057-4E66-BDDF-AB4D1EA037FB}.Debug|x64.Build.0 = Debug|Any CPU
		{0453C5DC-8057-4E66-BDDF-AB4D1EA037FB}.Debug|x86.ActiveCfg = Debug|Any CPU
		{0453C5DC-8057-4E66-BDDF-AB4D1EA037FB}.Debug|x86.Build.0 = Debug|Any CPU
		{0453C5DC-8057-4E66-BDDF-AB4D1EA037FB}.Release|Any CPU.ActiveCfg = Release|Any CPU
		{0453C5DC-8057-4E66-BDDF-AB4D1EA037FB}.Release|Any CPU.Build.0 = Release|Any CPU
		{0453C5DC-8057-4E66-BDDF-AB4D1EA037FB}.Release|x64.ActiveCfg = Release|Any CPU
		{0453C5DC-8057-4E66-BDDF-AB4D1EA037FB}.Release|x64.Build.0 = Release|Any CPU
		{0453C5DC-8057-4E66-BDDF-AB4D1EA037FB}.Release|x86.ActiveCfg = Release|Any CPU
		{0453C5DC-8057-4E66-BDDF-AB4D1EA037FB}.Release|x86.Build.0 = Release|Any CPU
		{0E328902-1DD8-42F5-8477-E87A07540FA0}.Debug|Any CPU.ActiveCfg = Debug|Any CPU
		{0E328902-1DD8-42F5-8477-E87A07540FA0}.Debug|Any CPU.Build.0 = Debug|Any CPU
		{0E328902-1DD8-42F5-8477-E87A07540FA0}.Debug|x64.ActiveCfg = Debug|Any CPU
		{0E328902-1DD8-42F5-8477-E87A07540FA0}.Debug|x64.Build.0 = Debug|Any CPU
		{0E328902-1DD8-42F5-8477-E87A07540FA0}.Debug|x86.ActiveCfg = Debug|Any CPU
		{0E328902-1DD8-42F5-8477-E87A07540FA0}.Debug|x86.Build.0 = Debug|Any CPU
		{0E328902-1DD8-42F5-8477-E87A07540FA0}.Release|Any CPU.ActiveCfg = Release|Any CPU
		{0E328902-1DD8-42F5-8477-E87A07540FA0}.Release|Any CPU.Build.0 = Release|Any CPU
		{0E328902-1DD8-42F5-8477-E87A07540FA0}.Release|x64.ActiveCfg = Release|Any CPU
		{0E328902-1DD8-42F5-8477-E87A07540FA0}.Release|x64.Build.0 = Release|Any CPU
		{0E328902-1DD8-42F5-8477-E87A07540FA0}.Release|x86.ActiveCfg = Release|Any CPU
		{0E328902-1DD8-42F5-8477-E87A07540FA0}.Release|x86.Build.0 = Release|Any CPU
		{DE18A9F7-787F-4631-A7AD-1461D436FD2F}.Debug|Any CPU.ActiveCfg = Debug|Any CPU
		{DE18A9F7-787F-4631-A7AD-1461D436FD2F}.Debug|Any CPU.Build.0 = Debug|Any CPU
		{DE18A9F7-787F-4631-A7AD-1461D436FD2F}.Debug|x64.ActiveCfg = Debug|Any CPU
		{DE18A9F7-787F-4631-A7AD-1461D436FD2F}.Debug|x64.Build.0 = Debug|Any CPU
		{DE18A9F7-787F-4631-A7AD-1461D436FD2F}.Debug|x86.ActiveCfg = Debug|Any CPU
		{DE18A9F7-787F-4631-A7AD-1461D436FD2F}.Debug|x86.Build.0 = Debug|Any CPU
		{DE18A9F7-787F-4631-A7AD-1461D436FD2F}.Release|Any CPU.ActiveCfg = Release|Any CPU
		{DE18A9F7-787F-4631-A7AD-1461D436FD2F}.Release|Any CPU.Build.0 = Release|Any CPU
		{DE18A9F7-787F-4631-A7AD-1461D436FD2F}.Release|x64.ActiveCfg = Release|Any CPU
		{DE18A9F7-787F-4631-A7AD-1461D436FD2F}.Release|x64.Build.0 = Release|Any CPU
		{DE18A9F7-787F-4631-A7AD-1461D436FD2F}.Release|x86.ActiveCfg = Release|Any CPU
		{DE18A9F7-787F-4631-A7AD-1461D436FD2F}.Release|x86.Build.0 = Release|Any CPU
		{8C41052F-67F0-489C-A7A8-BAA957A0D483}.Debug|Any CPU.ActiveCfg = Debug|Any CPU
		{8C41052F-67F0-489C-A7A8-BAA957A0D483}.Debug|Any CPU.Build.0 = Debug|Any CPU
		{8C41052F-67F0-489C-A7A8-BAA957A0D483}.Debug|x64.ActiveCfg = Debug|Any CPU
		{8C41052F-67F0-489C-A7A8-BAA957A0D483}.Debug|x64.Build.0 = Debug|Any CPU
		{8C41052F-67F0-489C-A7A8-BAA957A0D483}.Debug|x86.ActiveCfg = Debug|Any CPU
		{8C41052F-67F0-489C-A7A8-BAA957A0D483}.Debug|x86.Build.0 = Debug|Any CPU
		{8C41052F-67F0-489C-A7A8-BAA957A0D483}.Release|Any CPU.ActiveCfg = Release|Any CPU
		{8C41052F-67F0-489C-A7A8-BAA957A0D483}.Release|Any CPU.Build.0 = Release|Any CPU
		{8C41052F-67F0-489C-A7A8-BAA957A0D483}.Release|x64.ActiveCfg = Release|Any CPU
		{8C41052F-67F0-489C-A7A8-BAA957A0D483}.Release|x64.Build.0 = Release|Any CPU
		{8C41052F-67F0-489C-A7A8-BAA957A0D483}.Release|x86.ActiveCfg = Release|Any CPU
		{8C41052F-67F0-489C-A7A8-BAA957A0D483}.Release|x86.Build.0 = Release|Any CPU
		{73EBB3D8-ABA6-4A2A-9454-39FA564615E5}.Debug|Any CPU.ActiveCfg = Debug|Any CPU
		{73EBB3D8-ABA6-4A2A-9454-39FA564615E5}.Debug|Any CPU.Build.0 = Debug|Any CPU
		{73EBB3D8-ABA6-4A2A-9454-39FA564615E5}.Debug|x64.ActiveCfg = Debug|Any CPU
		{73EBB3D8-ABA6-4A2A-9454-39FA564615E5}.Debug|x64.Build.0 = Debug|Any CPU
		{73EBB3D8-ABA6-4A2A-9454-39FA564615E5}.Debug|x86.ActiveCfg = Debug|Any CPU
		{73EBB3D8-ABA6-4A2A-9454-39FA564615E5}.Debug|x86.Build.0 = Debug|Any CPU
		{73EBB3D8-ABA6-4A2A-9454-39FA564615E5}.Release|Any CPU.ActiveCfg = Release|Any CPU
		{73EBB3D8-ABA6-4A2A-9454-39FA564615E5}.Release|Any CPU.Build.0 = Release|Any CPU
		{73EBB3D8-ABA6-4A2A-9454-39FA564615E5}.Release|x64.ActiveCfg = Release|Any CPU
		{73EBB3D8-ABA6-4A2A-9454-39FA564615E5}.Release|x64.Build.0 = Release|Any CPU
		{73EBB3D8-ABA6-4A2A-9454-39FA564615E5}.Release|x86.ActiveCfg = Release|Any CPU
		{73EBB3D8-ABA6-4A2A-9454-39FA564615E5}.Release|x86.Build.0 = Release|Any CPU
		{EBFABC00-F0BA-4FDB-B856-3761A8E1E1B2}.Debug|Any CPU.ActiveCfg = Debug|Any CPU
		{EBFABC00-F0BA-4FDB-B856-3761A8E1E1B2}.Debug|Any CPU.Build.0 = Debug|Any CPU
		{EBFABC00-F0BA-4FDB-B856-3761A8E1E1B2}.Debug|x64.ActiveCfg = Debug|Any CPU
		{EBFABC00-F0BA-4FDB-B856-3761A8E1E1B2}.Debug|x64.Build.0 = Debug|Any CPU
		{EBFABC00-F0BA-4FDB-B856-3761A8E1E1B2}.Debug|x86.ActiveCfg = Debug|Any CPU
		{EBFABC00-F0BA-4FDB-B856-3761A8E1E1B2}.Debug|x86.Build.0 = Debug|Any CPU
		{EBFABC00-F0BA-4FDB-B856-3761A8E1E1B2}.Release|Any CPU.ActiveCfg = Release|Any CPU
		{EBFABC00-F0BA-4FDB-B856-3761A8E1E1B2}.Release|Any CPU.Build.0 = Release|Any CPU
		{EBFABC00-F0BA-4FDB-B856-3761A8E1E1B2}.Release|x64.ActiveCfg = Release|Any CPU
		{EBFABC00-F0BA-4FDB-B856-3761A8E1E1B2}.Release|x64.Build.0 = Release|Any CPU
		{EBFABC00-F0BA-4FDB-B856-3761A8E1E1B2}.Release|x86.ActiveCfg = Release|Any CPU
		{EBFABC00-F0BA-4FDB-B856-3761A8E1E1B2}.Release|x86.Build.0 = Release|Any CPU
		{E9C5F46A-34B1-4366-BDF9-ED16CCD1BB5A}.Debug|Any CPU.ActiveCfg = Debug|Any CPU
		{E9C5F46A-34B1-4366-BDF9-ED16CCD1BB5A}.Debug|Any CPU.Build.0 = Debug|Any CPU
		{E9C5F46A-34B1-4366-BDF9-ED16CCD1BB5A}.Debug|x64.ActiveCfg = Debug|Any CPU
		{E9C5F46A-34B1-4366-BDF9-ED16CCD1BB5A}.Debug|x64.Build.0 = Debug|Any CPU
		{E9C5F46A-34B1-4366-BDF9-ED16CCD1BB5A}.Debug|x86.ActiveCfg = Debug|Any CPU
		{E9C5F46A-34B1-4366-BDF9-ED16CCD1BB5A}.Debug|x86.Build.0 = Debug|Any CPU
		{E9C5F46A-34B1-4366-BDF9-ED16CCD1BB5A}.Release|Any CPU.ActiveCfg = Release|Any CPU
		{E9C5F46A-34B1-4366-BDF9-ED16CCD1BB5A}.Release|Any CPU.Build.0 = Release|Any CPU
		{E9C5F46A-34B1-4366-BDF9-ED16CCD1BB5A}.Release|x64.ActiveCfg = Release|Any CPU
		{E9C5F46A-34B1-4366-BDF9-ED16CCD1BB5A}.Release|x64.Build.0 = Release|Any CPU
		{E9C5F46A-34B1-4366-BDF9-ED16CCD1BB5A}.Release|x86.ActiveCfg = Release|Any CPU
		{E9C5F46A-34B1-4366-BDF9-ED16CCD1BB5A}.Release|x86.Build.0 = Release|Any CPU
		{EB4B9041-B3C9-442F-9854-8D380DE82555}.Debug|Any CPU.ActiveCfg = Debug|Any CPU
		{EB4B9041-B3C9-442F-9854-8D380DE82555}.Debug|Any CPU.Build.0 = Debug|Any CPU
		{EB4B9041-B3C9-442F-9854-8D380DE82555}.Debug|x64.ActiveCfg = Debug|Any CPU
		{EB4B9041-B3C9-442F-9854-8D380DE82555}.Debug|x64.Build.0 = Debug|Any CPU
		{EB4B9041-B3C9-442F-9854-8D380DE82555}.Debug|x86.ActiveCfg = Debug|Any CPU
		{EB4B9041-B3C9-442F-9854-8D380DE82555}.Debug|x86.Build.0 = Debug|Any CPU
		{EB4B9041-B3C9-442F-9854-8D380DE82555}.Release|Any CPU.ActiveCfg = Release|Any CPU
		{EB4B9041-B3C9-442F-9854-8D380DE82555}.Release|Any CPU.Build.0 = Release|Any CPU
		{EB4B9041-B3C9-442F-9854-8D380DE82555}.Release|x64.ActiveCfg = Release|Any CPU
		{EB4B9041-B3C9-442F-9854-8D380DE82555}.Release|x64.Build.0 = Release|Any CPU
		{EB4B9041-B3C9-442F-9854-8D380DE82555}.Release|x86.ActiveCfg = Release|Any CPU
		{EB4B9041-B3C9-442F-9854-8D380DE82555}.Release|x86.Build.0 = Release|Any CPU
		{95890EA3-DDC1-4A43-AFE7-156199883F56}.Debug|Any CPU.ActiveCfg = Debug|Any CPU
		{95890EA3-DDC1-4A43-AFE7-156199883F56}.Debug|Any CPU.Build.0 = Debug|Any CPU
		{95890EA3-DDC1-4A43-AFE7-156199883F56}.Debug|x64.ActiveCfg = Debug|Any CPU
		{95890EA3-DDC1-4A43-AFE7-156199883F56}.Debug|x64.Build.0 = Debug|Any CPU
		{95890EA3-DDC1-4A43-AFE7-156199883F56}.Debug|x86.ActiveCfg = Debug|Any CPU
		{95890EA3-DDC1-4A43-AFE7-156199883F56}.Debug|x86.Build.0 = Debug|Any CPU
		{95890EA3-DDC1-4A43-AFE7-156199883F56}.Release|Any CPU.ActiveCfg = Release|Any CPU
		{95890EA3-DDC1-4A43-AFE7-156199883F56}.Release|Any CPU.Build.0 = Release|Any CPU
		{95890EA3-DDC1-4A43-AFE7-156199883F56}.Release|x64.ActiveCfg = Release|Any CPU
		{95890EA3-DDC1-4A43-AFE7-156199883F56}.Release|x64.Build.0 = Release|Any CPU
		{95890EA3-DDC1-4A43-AFE7-156199883F56}.Release|x86.ActiveCfg = Release|Any CPU
		{95890EA3-DDC1-4A43-AFE7-156199883F56}.Release|x86.Build.0 = Release|Any CPU
	EndGlobalSection
	GlobalSection(SolutionProperties) = preSolution
		HideSolutionNode = FALSE
	EndGlobalSection
	GlobalSection(NestedProjects) = preSolution
		{5224BED7-3B0B-4F24-A1CD-C427AE13FC8A} = {827E0CD3-B72D-47B6-A68D-7590B98EB39B}
		{0453C5DC-8057-4E66-BDDF-AB4D1EA037FB} = {827E0CD3-B72D-47B6-A68D-7590B98EB39B}
		{0E328902-1DD8-42F5-8477-E87A07540FA0} = {827E0CD3-B72D-47B6-A68D-7590B98EB39B}
		{DE18A9F7-787F-4631-A7AD-1461D436FD2F} = {827E0CD3-B72D-47B6-A68D-7590B98EB39B}
		{8C41052F-67F0-489C-A7A8-BAA957A0D483} = {827E0CD3-B72D-47B6-A68D-7590B98EB39B}
		{73EBB3D8-ABA6-4A2A-9454-39FA564615E5} = {827E0CD3-B72D-47B6-A68D-7590B98EB39B}
		{EBFABC00-F0BA-4FDB-B856-3761A8E1E1B2} = {0AB3BF05-4346-4AA6-1389-037BE0695223}
		{E9C5F46A-34B1-4366-BDF9-ED16CCD1BB5A} = {0AB3BF05-4346-4AA6-1389-037BE0695223}
		{EB4B9041-B3C9-442F-9854-8D380DE82555} = {0AB3BF05-4346-4AA6-1389-037BE0695223}
		{95890EA3-DDC1-4A43-AFE7-156199883F56} = {0AB3BF05-4346-4AA6-1389-037BE0695223}
	EndGlobalSection
EndGlobal
